// !$*UTF8*$!
{
	archiveVersion = 1;
	classes = {
	};
	objectVersion = 56;
	objects = {

/* Begin PBXBuildFile section */
		4F4DCB9B2B5666CD004C644D /* AppDelegate.swift in Sources */ = {isa = PBXBuildFile; fileRef = 4F4DCB9A2B5666CD004C644D /* AppDelegate.swift */; };
		4F4DCB9D2B5666CD004C644D /* SceneDelegate.swift in Sources */ = {isa = PBXBuildFile; fileRef = 4F4DCB9C2B5666CD004C644D /* SceneDelegate.swift */; };
		4F4DCB9F2B5666CD004C644D /* ViewController.swift in Sources */ = {isa = PBXBuildFile; fileRef = 4F4DCB9E2B5666CD004C644D /* ViewController.swift */; };
		4F4DCBA22B5666CD004C644D /* Main.storyboard in Resources */ = {isa = PBXBuildFile; fileRef = 4F4DCBA02B5666CD004C644D /* Main.storyboard */; };
		4F4DCBA42B5666D0004C644D /* Assets.xcassets in Resources */ = {isa = PBXBuildFile; fileRef = 4F4DCBA32B5666D0004C644D /* Assets.xcassets */; };
		4F4DCBA72B5666D0004C644D /* LaunchScreen.storyboard in Resources */ = {isa = PBXBuildFile; fileRef = 4F4DCBA52B5666D0004C644D /* LaunchScreen.storyboard */; };
		4F4DCBB12B566877004C644D /* Lotto.storyboard in Resources */ = {isa = PBXBuildFile; fileRef = 4F4DCBB02B566877004C644D /* Lotto.storyboard */; };
		4F4DCBB32B566886004C644D /* LottoViewController.swift in Sources */ = {isa = PBXBuildFile; fileRef = 4F4DCBB22B566886004C644D /* LottoViewController.swift */; };
		4F4DCBB52B5668A6004C644D /* Beer.storyboard in Resources */ = {isa = PBXBuildFile; fileRef = 4F4DCBB42B5668A6004C644D /* Beer.storyboard */; };
		4F4DCBB72B5668B1004C644D /* BeerViewController.swift in Sources */ = {isa = PBXBuildFile; fileRef = 4F4DCBB62B5668B1004C644D /* BeerViewController.swift */; };
		4F4DCBBE2B5670C2004C644D /* Styles.swift in Sources */ = {isa = PBXBuildFile; fileRef = 4F4DCBBD2B5670C2004C644D /* Styles.swift */; };
		4FCBE9C02B567A8500DD60ED /* UIView+Extension.swift in Sources */ = {isa = PBXBuildFile; fileRef = 4FCBE9BF2B567A8500DD60ED /* UIView+Extension.swift */; };
		4FCBE9C22B567C2900DD60ED /* LottoAPI.swift in Sources */ = {isa = PBXBuildFile; fileRef = 4FCBE9C12B567C2900DD60ED /* LottoAPI.swift */; };
		4FCBE9C52B567C3E00DD60ED /* Alamofire in Frameworks */ = {isa = PBXBuildFile; productRef = 4FCBE9C42B567C3E00DD60ED /* Alamofire */; };
		4FCBE9C72B567C7500DD60ED /* Lotto.swift in Sources */ = {isa = PBXBuildFile; fileRef = 4FCBE9C62B567C7500DD60ED /* Lotto.swift */; };
		4FCBE9C92B567DC400DD60ED /* Strings.swift in Sources */ = {isa = PBXBuildFile; fileRef = 4FCBE9C82B567DC400DD60ED /* Strings.swift */; };
		4FCBE9CF2B56811500DD60ED /* DateFormatManager.swift in Sources */ = {isa = PBXBuildFile; fileRef = 4FCBE9CE2B56811500DD60ED /* DateFormatManager.swift */; };
		4FCBE9D42B5689AD00DD60ED /* APIManager.swift in Sources */ = {isa = PBXBuildFile; fileRef = 4FCBE9D32B5689AD00DD60ED /* APIManager.swift */; };
		4FCBE9D72B568EDA00DD60ED /* LottoInfo.swift in Sources */ = {isa = PBXBuildFile; fileRef = 4FCBE9D62B568EDA00DD60ED /* LottoInfo.swift */; };
/* End PBXBuildFile section */

/* Begin PBXFileReference section */
		4F4DCB972B5666CD004C644D /* Network.app */ = {isa = PBXFileReference; explicitFileType = wrapper.application; includeInIndex = 0; path = Network.app; sourceTree = BUILT_PRODUCTS_DIR; };
		4F4DCB9A2B5666CD004C644D /* AppDelegate.swift */ = {isa = PBXFileReference; lastKnownFileType = sourcecode.swift; path = AppDelegate.swift; sourceTree = "<group>"; };
		4F4DCB9C2B5666CD004C644D /* SceneDelegate.swift */ = {isa = PBXFileReference; lastKnownFileType = sourcecode.swift; path = SceneDelegate.swift; sourceTree = "<group>"; };
		4F4DCB9E2B5666CD004C644D /* ViewController.swift */ = {isa = PBXFileReference; lastKnownFileType = sourcecode.swift; path = ViewController.swift; sourceTree = "<group>"; };
		4F4DCBA12B5666CD004C644D /* Base */ = {isa = PBXFileReference; lastKnownFileType = file.storyboard; name = Base; path = Base.lproj/Main.storyboard; sourceTree = "<group>"; };
		4F4DCBA32B5666D0004C644D /* Assets.xcassets */ = {isa = PBXFileReference; lastKnownFileType = folder.assetcatalog; path = Assets.xcassets; sourceTree = "<group>"; };
		4F4DCBA62B5666D0004C644D /* Base */ = {isa = PBXFileReference; lastKnownFileType = file.storyboard; name = Base; path = Base.lproj/LaunchScreen.storyboard; sourceTree = "<group>"; };
		4F4DCBA82B5666D0004C644D /* Info.plist */ = {isa = PBXFileReference; lastKnownFileType = text.plist.xml; path = Info.plist; sourceTree = "<group>"; };
		4F4DCBB02B566877004C644D /* Lotto.storyboard */ = {isa = PBXFileReference; lastKnownFileType = file.storyboard; path = Lotto.storyboard; sourceTree = "<group>"; };
		4F4DCBB22B566886004C644D /* LottoViewController.swift */ = {isa = PBXFileReference; lastKnownFileType = sourcecode.swift; path = LottoViewController.swift; sourceTree = "<group>"; };
		4F4DCBB42B5668A6004C644D /* Beer.storyboard */ = {isa = PBXFileReference; lastKnownFileType = file.storyboard; path = Beer.storyboard; sourceTree = "<group>"; };
		4F4DCBB62B5668B1004C644D /* BeerViewController.swift */ = {isa = PBXFileReference; lastKnownFileType = sourcecode.swift; path = BeerViewController.swift; sourceTree = "<group>"; };
		4F4DCBBD2B5670C2004C644D /* Styles.swift */ = {isa = PBXFileReference; lastKnownFileType = sourcecode.swift; path = Styles.swift; sourceTree = "<group>"; };
		4FCBE9BF2B567A8500DD60ED /* UIView+Extension.swift */ = {isa = PBXFileReference; lastKnownFileType = sourcecode.swift; path = "UIView+Extension.swift"; sourceTree = "<group>"; };
		4FCBE9C12B567C2900DD60ED /* LottoAPI.swift */ = {isa = PBXFileReference; lastKnownFileType = sourcecode.swift; path = LottoAPI.swift; sourceTree = "<group>"; };
		4FCBE9C62B567C7500DD60ED /* Lotto.swift */ = {isa = PBXFileReference; lastKnownFileType = sourcecode.swift; path = Lotto.swift; sourceTree = "<group>"; };
		4FCBE9C82B567DC400DD60ED /* Strings.swift */ = {isa = PBXFileReference; lastKnownFileType = sourcecode.swift; path = Strings.swift; sourceTree = "<group>"; };
		4FCBE9CE2B56811500DD60ED /* DateFormatManager.swift */ = {isa = PBXFileReference; lastKnownFileType = sourcecode.swift; path = DateFormatManager.swift; sourceTree = "<group>"; };
		4FCBE9D32B5689AD00DD60ED /* APIManager.swift */ = {isa = PBXFileReference; lastKnownFileType = sourcecode.swift; path = APIManager.swift; sourceTree = "<group>"; };
		4FCBE9D62B568EDA00DD60ED /* LottoInfo.swift */ = {isa = PBXFileReference; lastKnownFileType = sourcecode.swift; path = LottoInfo.swift; sourceTree = "<group>"; };
/* End PBXFileReference section */

/* Begin PBXFrameworksBuildPhase section */
		4F4DCB942B5666CD004C644D /* Frameworks */ = {
			isa = PBXFrameworksBuildPhase;
			buildActionMask = 2147483647;
			files = (
				4FCBE9C52B567C3E00DD60ED /* Alamofire in Frameworks */,
			);
			runOnlyForDeploymentPostprocessing = 0;
		};
/* End PBXFrameworksBuildPhase section */

/* Begin PBXGroup section */
		4F4DCB8E2B5666CD004C644D = {
			isa = PBXGroup;
			children = (
				4F4DCB992B5666CD004C644D /* Network */,
				4F4DCB982B5666CD004C644D /* Products */,
			);
			sourceTree = "<group>";
		};
		4F4DCB982B5666CD004C644D /* Products */ = {
			isa = PBXGroup;
			children = (
				4F4DCB972B5666CD004C644D /* Network.app */,
			);
			name = Products;
			sourceTree = "<group>";
		};
		4F4DCB992B5666CD004C644D /* Network */ = {
			isa = PBXGroup;
			children = (
				4FCBE9D22B56840300DD60ED /* Manager */,
				4F4DCBBA2B56704F004C644D /* Extension */,
				4F4DCBAE2B5666EC004C644D /* Lotto */,
				4F4DCBAF2B566707004C644D /* Beer */,
				4F4DCBBD2B5670C2004C644D /* Styles.swift */,
				4FCBE9C82B567DC400DD60ED /* Strings.swift */,
				4F4DCB9A2B5666CD004C644D /* AppDelegate.swift */,
				4F4DCB9C2B5666CD004C644D /* SceneDelegate.swift */,
				4F4DCB9E2B5666CD004C644D /* ViewController.swift */,
				4F4DCBA02B5666CD004C644D /* Main.storyboard */,
				4F4DCBA32B5666D0004C644D /* Assets.xcassets */,
				4F4DCBA52B5666D0004C644D /* LaunchScreen.storyboard */,
				4F4DCBA82B5666D0004C644D /* Info.plist */,
			);
			path = Network;
			sourceTree = "<group>";
		};
		4F4DCBAE2B5666EC004C644D /* Lotto */ = {
			isa = PBXGroup;
			children = (
				4FCBE9D52B568EBE00DD60ED /* Model */,
				4F4DCBB02B566877004C644D /* Lotto.storyboard */,
				4F4DCBB22B566886004C644D /* LottoViewController.swift */,
				4FCBE9C12B567C2900DD60ED /* LottoAPI.swift */,
			);
			path = Lotto;
			sourceTree = "<group>";
		};
		4F4DCBAF2B566707004C644D /* Beer */ = {
			isa = PBXGroup;
			children = (
				4F4DCBB42B5668A6004C644D /* Beer.storyboard */,
				4F4DCBB62B5668B1004C644D /* BeerViewController.swift */,
			);
			path = Beer;
			sourceTree = "<group>";
		};
		4F4DCBBA2B56704F004C644D /* Extension */ = {
			isa = PBXGroup;
			children = (
				4FCBE9BF2B567A8500DD60ED /* UIView+Extension.swift */,
			);
			path = Extension;
			sourceTree = "<group>";
		};
		4FCBE9D22B56840300DD60ED /* Manager */ = {
			isa = PBXGroup;
			children = (
				4FCBE9CE2B56811500DD60ED /* DateFormatManager.swift */,
				4FCBE9D32B5689AD00DD60ED /* APIManager.swift */,
			);
			path = Manager;
			sourceTree = "<group>";
		};
		4FCBE9D52B568EBE00DD60ED /* Model */ = {
			isa = PBXGroup;
			children = (
				4FCBE9C62B567C7500DD60ED /* Lotto.swift */,
				4FCBE9D62B568EDA00DD60ED /* LottoInfo.swift */,
			);
			path = Model;
			sourceTree = "<group>";
		};
/* End PBXGroup section */

/* Begin PBXNativeTarget section */
		4F4DCB962B5666CD004C644D /* Network */ = {
			isa = PBXNativeTarget;
			buildConfigurationList = 4F4DCBAB2B5666D0004C644D /* Build configuration list for PBXNativeTarget "Network" */;
			buildPhases = (
				4F4DCB932B5666CD004C644D /* Sources */,
				4F4DCB942B5666CD004C644D /* Frameworks */,
				4F4DCB952B5666CD004C644D /* Resources */,
			);
			buildRules = (
			);
			dependencies = (
			);
			name = Network;
			packageProductDependencies = (
				4FCBE9C42B567C3E00DD60ED /* Alamofire */,
			);
			productName = Network;
			productReference = 4F4DCB972B5666CD004C644D /* Network.app */;
			productType = "com.apple.product-type.application";
		};
/* End PBXNativeTarget section */

/* Begin PBXProject section */
		4F4DCB8F2B5666CD004C644D /* Project object */ = {
			isa = PBXProject;
			attributes = {
				BuildIndependentTargetsInParallel = 1;
				LastSwiftUpdateCheck = 1510;
				LastUpgradeCheck = 1510;
				TargetAttributes = {
					4F4DCB962B5666CD004C644D = {
						CreatedOnToolsVersion = 15.1;
					};
				};
			};
			buildConfigurationList = 4F4DCB922B5666CD004C644D /* Build configuration list for PBXProject "Network" */;
			compatibilityVersion = "Xcode 14.0";
			developmentRegion = en;
			hasScannedForEncodings = 0;
			knownRegions = (
				en,
				Base,
			);
			mainGroup = 4F4DCB8E2B5666CD004C644D;
			packageReferences = (
				4FCBE9C32B567C3E00DD60ED /* XCRemoteSwiftPackageReference "Alamofire" */,
			);
			productRefGroup = 4F4DCB982B5666CD004C644D /* Products */;
			projectDirPath = "";
			projectRoot = "";
			targets = (
				4F4DCB962B5666CD004C644D /* Network */,
			);
		};
/* End PBXProject section */

/* Begin PBXResourcesBuildPhase section */
		4F4DCB952B5666CD004C644D /* Resources */ = {
			isa = PBXResourcesBuildPhase;
			buildActionMask = 2147483647;
			files = (
				4F4DCBA72B5666D0004C644D /* LaunchScreen.storyboard in Resources */,
				4F4DCBB52B5668A6004C644D /* Beer.storyboard in Resources */,
				4F4DCBB12B566877004C644D /* Lotto.storyboard in Resources */,
				4F4DCBA42B5666D0004C644D /* Assets.xcassets in Resources */,
				4F4DCBA22B5666CD004C644D /* Main.storyboard in Resources */,
			);
			runOnlyForDeploymentPostprocessing = 0;
		};
/* End PBXResourcesBuildPhase section */

/* Begin PBXSourcesBuildPhase section */
		4F4DCB932B5666CD004C644D /* Sources */ = {
			isa = PBXSourcesBuildPhase;
			buildActionMask = 2147483647;
			files = (
				4FCBE9D42B5689AD00DD60ED /* APIManager.swift in Sources */,
				4FCBE9C72B567C7500DD60ED /* Lotto.swift in Sources */,
				4F4DCBB72B5668B1004C644D /* BeerViewController.swift in Sources */,
				4FCBE9C92B567DC400DD60ED /* Strings.swift in Sources */,
				4F4DCB9F2B5666CD004C644D /* ViewController.swift in Sources */,
				4FCBE9C02B567A8500DD60ED /* UIView+Extension.swift in Sources */,
				4FCBE9D72B568EDA00DD60ED /* LottoInfo.swift in Sources */,
				4FCBE9CF2B56811500DD60ED /* DateFormatManager.swift in Sources */,
				4F4DCBBE2B5670C2004C644D /* Styles.swift in Sources */,
				4F4DCBB32B566886004C644D /* LottoViewController.swift in Sources */,
				4FCBE9C22B567C2900DD60ED /* LottoAPI.swift in Sources */,
				4F4DCB9B2B5666CD004C644D /* AppDelegate.swift in Sources */,
				4F4DCB9D2B5666CD004C644D /* SceneDelegate.swift in Sources */,
			);
			runOnlyForDeploymentPostprocessing = 0;
		};
/* End PBXSourcesBuildPhase section */

/* Begin PBXVariantGroup section */
		4F4DCBA02B5666CD004C644D /* Main.storyboard */ = {
			isa = PBXVariantGroup;
			children = (
				4F4DCBA12B5666CD004C644D /* Base */,
			);
			name = Main.storyboard;
			sourceTree = "<group>";
		};
		4F4DCBA52B5666D0004C644D /* LaunchScreen.storyboard */ = {
			isa = PBXVariantGroup;
			children = (
				4F4DCBA62B5666D0004C644D /* Base */,
			);
			name = LaunchScreen.storyboard;
			sourceTree = "<group>";
		};
/* End PBXVariantGroup section */

/* Begin XCBuildConfiguration section */
		4F4DCBA92B5666D0004C644D /* Debug */ = {
			isa = XCBuildConfiguration;
			buildSettings = {
				ALWAYS_SEARCH_USER_PATHS = NO;
				ASSETCATALOG_COMPILER_GENERATE_SWIFT_ASSET_SYMBOL_EXTENSIONS = YES;
				CLANG_ANALYZER_NONNULL = YES;
				CLANG_ANALYZER_NUMBER_OBJECT_CONVERSION = YES_AGGRESSIVE;
				CLANG_CXX_LANGUAGE_STANDARD = "gnu++20";
				CLANG_ENABLE_MODULES = YES;
				CLANG_ENABLE_OBJC_ARC = YES;
				CLANG_ENABLE_OBJC_WEAK = YES;
				CLANG_WARN_BLOCK_CAPTURE_AUTORELEASING = YES;
				CLANG_WARN_BOOL_CONVERSION = YES;
				CLANG_WARN_COMMA = YES;
				CLANG_WARN_CONSTANT_CONVERSION = YES;
				CLANG_WARN_DEPRECATED_OBJC_IMPLEMENTATIONS = YES;
				CLANG_WARN_DIRECT_OBJC_ISA_USAGE = YES_ERROR;
				CLANG_WARN_DOCUMENTATION_COMMENTS = YES;
				CLANG_WARN_EMPTY_BODY = YES;
				CLANG_WARN_ENUM_CONVERSION = YES;
				CLANG_WARN_INFINITE_RECURSION = YES;
				CLANG_WARN_INT_CONVERSION = YES;
				CLANG_WARN_NON_LITERAL_NULL_CONVERSION = YES;
				CLANG_WARN_OBJC_IMPLICIT_RETAIN_SELF = YES;
				CLANG_WARN_OBJC_LITERAL_CONVERSION = YES;
				CLANG_WARN_OBJC_ROOT_CLASS = YES_ERROR;
				CLANG_WARN_QUOTED_INCLUDE_IN_FRAMEWORK_HEADER = YES;
				CLANG_WARN_RANGE_LOOP_ANALYSIS = YES;
				CLANG_WARN_STRICT_PROTOTYPES = YES;
				CLANG_WARN_SUSPICIOUS_MOVE = YES;
				CLANG_WARN_UNGUARDED_AVAILABILITY = YES_AGGRESSIVE;
				CLANG_WARN_UNREACHABLE_CODE = YES;
				CLANG_WARN__DUPLICATE_METHOD_MATCH = YES;
				COPY_PHASE_STRIP = NO;
				DEBUG_INFORMATION_FORMAT = dwarf;
				ENABLE_STRICT_OBJC_MSGSEND = YES;
				ENABLE_TESTABILITY = YES;
				ENABLE_USER_SCRIPT_SANDBOXING = YES;
				GCC_C_LANGUAGE_STANDARD = gnu17;
				GCC_DYNAMIC_NO_PIC = NO;
				GCC_NO_COMMON_BLOCKS = YES;
				GCC_OPTIMIZATION_LEVEL = 0;
				GCC_PREPROCESSOR_DEFINITIONS = (
					"DEBUG=1",
					"$(inherited)",
				);
				GCC_WARN_64_TO_32_BIT_CONVERSION = YES;
				GCC_WARN_ABOUT_RETURN_TYPE = YES_ERROR;
				GCC_WARN_UNDECLARED_SELECTOR = YES;
				GCC_WARN_UNINITIALIZED_AUTOS = YES_AGGRESSIVE;
				GCC_WARN_UNUSED_FUNCTION = YES;
				GCC_WARN_UNUSED_VARIABLE = YES;
				IPHONEOS_DEPLOYMENT_TARGET = 17.2;
				LOCALIZATION_PREFERS_STRING_CATALOGS = YES;
				MTL_ENABLE_DEBUG_INFO = INCLUDE_SOURCE;
				MTL_FAST_MATH = YES;
				ONLY_ACTIVE_ARCH = YES;
				SDKROOT = iphoneos;
				SWIFT_ACTIVE_COMPILATION_CONDITIONS = "DEBUG $(inherited)";
				SWIFT_OPTIMIZATION_LEVEL = "-Onone";
			};
			name = Debug;
		};
		4F4DCBAA2B5666D0004C644D /* Release */ = {
			isa = XCBuildConfiguration;
			buildSettings = {
				ALWAYS_SEARCH_USER_PATHS = NO;
				ASSETCATALOG_COMPILER_GENERATE_SWIFT_ASSET_SYMBOL_EXTENSIONS = YES;
				CLANG_ANALYZER_NONNULL = YES;
				CLANG_ANALYZER_NUMBER_OBJECT_CONVERSION = YES_AGGRESSIVE;
				CLANG_CXX_LANGUAGE_STANDARD = "gnu++20";
				CLANG_ENABLE_MODULES = YES;
				CLANG_ENABLE_OBJC_ARC = YES;
				CLANG_ENABLE_OBJC_WEAK = YES;
				CLANG_WARN_BLOCK_CAPTURE_AUTORELEASING = YES;
				CLANG_WARN_BOOL_CONVERSION = YES;
				CLANG_WARN_COMMA = YES;
				CLANG_WARN_CONSTANT_CONVERSION = YES;
				CLANG_WARN_DEPRECATED_OBJC_IMPLEMENTATIONS = YES;
				CLANG_WARN_DIRECT_OBJC_ISA_USAGE = YES_ERROR;
				CLANG_WARN_DOCUMENTATION_COMMENTS = YES;
				CLANG_WARN_EMPTY_BODY = YES;
				CLANG_WARN_ENUM_CONVERSION = YES;
				CLANG_WARN_INFINITE_RECURSION = YES;
				CLANG_WARN_INT_CONVERSION = YES;
				CLANG_WARN_NON_LITERAL_NULL_CONVERSION = YES;
				CLANG_WARN_OBJC_IMPLICIT_RETAIN_SELF = YES;
				CLANG_WARN_OBJC_LITERAL_CONVERSION = YES;
				CLANG_WARN_OBJC_ROOT_CLASS = YES_ERROR;
				CLANG_WARN_QUOTED_INCLUDE_IN_FRAMEWORK_HEADER = YES;
				CLANG_WARN_RANGE_LOOP_ANALYSIS = YES;
				CLANG_WARN_STRICT_PROTOTYPES = YES;
				CLANG_WARN_SUSPICIOUS_MOVE = YES;
				CLANG_WARN_UNGUARDED_AVAILABILITY = YES_AGGRESSIVE;
				CLANG_WARN_UNREACHABLE_CODE = YES;
				CLANG_WARN__DUPLICATE_METHOD_MATCH = YES;
				COPY_PHASE_STRIP = NO;
				DEBUG_INFORMATION_FORMAT = "dwarf-with-dsym";
				ENABLE_NS_ASSERTIONS = NO;
				ENABLE_STRICT_OBJC_MSGSEND = YES;
				ENABLE_USER_SCRIPT_SANDBOXING = YES;
				GCC_C_LANGUAGE_STANDARD = gnu17;
				GCC_NO_COMMON_BLOCKS = YES;
				GCC_WARN_64_TO_32_BIT_CONVERSION = YES;
				GCC_WARN_ABOUT_RETURN_TYPE = YES_ERROR;
				GCC_WARN_UNDECLARED_SELECTOR = YES;
				GCC_WARN_UNINITIALIZED_AUTOS = YES_AGGRESSIVE;
				GCC_WARN_UNUSED_FUNCTION = YES;
				GCC_WARN_UNUSED_VARIABLE = YES;
				IPHONEOS_DEPLOYMENT_TARGET = 17.2;
				LOCALIZATION_PREFERS_STRING_CATALOGS = YES;
				MTL_ENABLE_DEBUG_INFO = NO;
				MTL_FAST_MATH = YES;
				SDKROOT = iphoneos;
				SWIFT_COMPILATION_MODE = wholemodule;
				VALIDATE_PRODUCT = YES;
			};
			name = Release;
		};
		4F4DCBAC2B5666D0004C644D /* Debug */ = {
			isa = XCBuildConfiguration;
			buildSettings = {
				ASSETCATALOG_COMPILER_APPICON_NAME = AppIcon;
				ASSETCATALOG_COMPILER_GLOBAL_ACCENT_COLOR_NAME = AccentColor;
				CODE_SIGN_STYLE = Automatic;
				CURRENT_PROJECT_VERSION = 1;
				DEVELOPMENT_TEAM = HAA376DX53;
				GENERATE_INFOPLIST_FILE = YES;
				INFOPLIST_FILE = Network/Info.plist;
				INFOPLIST_KEY_UIApplicationSupportsIndirectInputEvents = YES;
				INFOPLIST_KEY_UILaunchStoryboardName = LaunchScreen;
				INFOPLIST_KEY_UIMainStoryboardFile = Main;
				INFOPLIST_KEY_UISupportedInterfaceOrientations_iPad = "UIInterfaceOrientationPortrait UIInterfaceOrientationPortraitUpsideDown UIInterfaceOrientationLandscapeLeft UIInterfaceOrientationLandscapeRight";
				INFOPLIST_KEY_UISupportedInterfaceOrientations_iPhone = "UIInterfaceOrientationPortrait UIInterfaceOrientationLandscapeLeft UIInterfaceOrientationLandscapeRight";
				LD_RUNPATH_SEARCH_PATHS = (
					"$(inherited)",
					"@executable_path/Frameworks",
				);
				MARKETING_VERSION = 1.0;
				PRODUCT_BUNDLE_IDENTIFIER = com.heegee.Network;
				PRODUCT_NAME = "$(TARGET_NAME)";
				SWIFT_EMIT_LOC_STRINGS = YES;
				SWIFT_VERSION = 5.0;
				TARGETED_DEVICE_FAMILY = "1,2";
			};
			name = Debug;
		};
		4F4DCBAD2B5666D0004C644D /* Release */ = {
			isa = XCBuildConfiguration;
			buildSettings = {
				ASSETCATALOG_COMPILER_APPICON_NAME = AppIcon;
				ASSETCATALOG_COMPILER_GLOBAL_ACCENT_COLOR_NAME = AccentColor;
				CODE_SIGN_STYLE = Automatic;
				CURRENT_PROJECT_VERSION = 1;
				DEVELOPMENT_TEAM = HAA376DX53;
				GENERATE_INFOPLIST_FILE = YES;
				INFOPLIST_FILE = Network/Info.plist;
				INFOPLIST_KEY_UIApplicationSupportsIndirectInputEvents = YES;
				INFOPLIST_KEY_UILaunchStoryboardName = LaunchScreen;
				INFOPLIST_KEY_UIMainStoryboardFile = Main;
				INFOPLIST_KEY_UISupportedInterfaceOrientations_iPad = "UIInterfaceOrientationPortrait UIInterfaceOrientationPortraitUpsideDown UIInterfaceOrientationLandscapeLeft UIInterfaceOrientationLandscapeRight";
				INFOPLIST_KEY_UISupportedInterfaceOrientations_iPhone = "UIInterfaceOrientationPortrait UIInterfaceOrientationLandscapeLeft UIInterfaceOrientationLandscapeRight";
				LD_RUNPATH_SEARCH_PATHS = (
					"$(inherited)",
					"@executable_path/Frameworks",
				);
				MARKETING_VERSION = 1.0;
				PRODUCT_BUNDLE_IDENTIFIER = com.heegee.Network;
				PRODUCT_NAME = "$(TARGET_NAME)";
				SWIFT_EMIT_LOC_STRINGS = YES;
				SWIFT_VERSION = 5.0;
				TARGETED_DEVICE_FAMILY = "1,2";
			};
			name = Release;
		};
/* End XCBuildConfiguration section */

/* Begin XCConfigurationList section */
		4F4DCB922B5666CD004C644D /* Build configuration list for PBXProject "Network" */ = {
			isa = XCConfigurationList;
			buildConfigurations = (
				4F4DCBA92B5666D0004C644D /* Debug */,
				4F4DCBAA2B5666D0004C644D /* Release */,
			);
			defaultConfigurationIsVisible = 0;
			defaultConfigurationName = Release;
		};
		4F4DCBAB2B5666D0004C644D /* Build configuration list for PBXNativeTarget "Network" */ = {
			isa = XCConfigurationList;
			buildConfigurations = (
				4F4DCBAC2B5666D0004C644D /* Debug */,
				4F4DCBAD2B5666D0004C644D /* Release */,
			);
			defaultConfigurationIsVisible = 0;
			defaultConfigurationName = Release;
		};
/* End XCConfigurationList section */

/* Begin XCRemoteSwiftPackageReference section */
		4FCBE9C32B567C3E00DD60ED /* XCRemoteSwiftPackageReference "Alamofire" */ = {
			isa = XCRemoteSwiftPackageReference;
			repositoryURL = "https://github.com/Alamofire/Alamofire";
			requirement = {
				kind = upToNextMajorVersion;
				minimumVersion = 5.8.1;
			};
		};
/* End XCRemoteSwiftPackageReference section */

/* Begin XCSwiftPackageProductDependency section */
		4FCBE9C42B567C3E00DD60ED /* Alamofire */ = {
			isa = XCSwiftPackageProductDependency;
			package = 4FCBE9C32B567C3E00DD60ED /* XCRemoteSwiftPackageReference "Alamofire" */;
			productName = Alamofire;
		};
/* End XCSwiftPackageProductDependency section */
	};
	rootObject = 4F4DCB8F2B5666CD004C644D /* Project object */;
}
